
Microsoft Visual Studio Solution File, Format Version 12.00
# Visual Studio Version 16
VisualStudioVersion = 16.0.29613.14
MinimumVisualStudioVersion = 10.0.40219.1
Project("{FAE04EC0-301F-11D3-BF4B-00C04F79EFBC}") = "Team12_MIS4200", "Team12_MIS4200.csproj", "{378C5286-9E43-439D-9BDD-6EB88F680152}"
EndProject
Global
	GlobalSection(SolutionConfigurationPlatforms) = preSolution
		Debug|Any CPU = Debug|Any CPU
		Release|Any CPU = Release|Any CPU
	EndGlobalSection
	GlobalSection(ProjectConfigurationPlatforms) = postSolution
		{378C5286-9E43-439D-9BDD-6EB88F680152}.Debug|Any CPU.ActiveCfg = Debug|Any CPU
		{378C5286-9E43-439D-9BDD-6EB88F680152}.Debug|Any CPU.Build.0 = Debug|Any CPU
		{378C5286-9E43-439D-9BDD-6EB88F680152}.Release|Any CPU.ActiveCfg = Release|Any CPU
		{378C5286-9E43-439D-9BDD-6EB88F680152}.Release|Any CPU.Build.0 = Release|Any CPU
	EndGlobalSection
	GlobalSection(SolutionProperties) = preSolution
		HideSolutionNode = FALSE
	EndGlobalSection
	GlobalSection(ExtensibilityGlobals) = postSolution
		SolutionGuid = {A6431F1E-C00C-4C6A-BAAE-4F7036A4097E}
	EndGlobalSection
EndGlobal
